
Microsoft Visual Studio Solution File, Format Version 12.00
# Visual Studio Version 16
VisualStudioVersion = 16.0.29728.190
MinimumVisualStudioVersion = 15.0.26124.0
Project("{9A19103F-16F7-4668-BE54-9A1E7A4F7556}") = "CarToolApp.Web", "CarToolApp.Web\CarToolApp.Web.csproj", "{1F3902DE-B5F8-460A-B809-594B8AA23F18}"
EndProject
Project("{9A19103F-16F7-4668-BE54-9A1E7A4F7556}") = "CarToolApp.Data", "CarToolApp.Data\CarToolApp.Data.csproj", "{5A619832-3ECE-4135-95B3-0F3B9818C3FF}"
EndProject
Project("{9A19103F-16F7-4668-BE54-9A1E7A4F7556}") = "CarToolApp.Model", "CarToolApp.Model\CarToolApp.Model.csproj", "{7739E08A-26AF-4A64-90F9-FBB9B4C1569A}"
EndProject
Project("{FAE04EC0-301F-11D3-BF4B-00C04F79EFBC}") = "CarToolApp.Core", "CarToolApp.Core\CarToolApp.Core.csproj", "{1D1DB4FD-C17C-4453-BFEB-BDBD1228CC0F}"
EndProject
Global
	GlobalSection(SolutionConfigurationPlatforms) = preSolution
		Debug|Any CPU = Debug|Any CPU
		Debug|x64 = Debug|x64
		Debug|x86 = Debug|x86
		Release|Any CPU = Release|Any CPU
		Release|x64 = Release|x64
		Release|x86 = Release|x86
	EndGlobalSection
	GlobalSection(ProjectConfigurationPlatforms) = postSolution
		{1F3902DE-B5F8-460A-B809-594B8AA23F18}.Debug|Any CPU.ActiveCfg = Debug|Any CPU
		{1F3902DE-B5F8-460A-B809-594B8AA23F18}.Debug|Any CPU.Build.0 = Debug|Any CPU
		{1F3902DE-B5F8-460A-B809-594B8AA23F18}.Debug|x64.ActiveCfg = Debug|Any CPU
		{1F3902DE-B5F8-460A-B809-594B8AA23F18}.Debug|x64.Build.0 = Debug|Any CPU
		{1F3902DE-B5F8-460A-B809-594B8AA23F18}.Debug|x86.ActiveCfg = Debug|Any CPU
		{1F3902DE-B5F8-460A-B809-594B8AA23F18}.Debug|x86.Build.0 = Debug|Any CPU
		{1F3902DE-B5F8-460A-B809-594B8AA23F18}.Release|Any CPU.ActiveCfg = Release|Any CPU
		{1F3902DE-B5F8-460A-B809-594B8AA23F18}.Release|Any CPU.Build.0 = Release|Any CPU
		{1F3902DE-B5F8-460A-B809-594B8AA23F18}.Release|x64.ActiveCfg = Release|Any CPU
		{1F3902DE-B5F8-460A-B809-594B8AA23F18}.Release|x64.Build.0 = Release|Any CPU
		{1F3902DE-B5F8-460A-B809-594B8AA23F18}.Release|x86.ActiveCfg = Release|Any CPU
		{1F3902DE-B5F8-460A-B809-594B8AA23F18}.Release|x86.Build.0 = Release|Any CPU
		{5A619832-3ECE-4135-95B3-0F3B9818C3FF}.Debug|Any CPU.ActiveCfg = Debug|Any CPU
		{5A619832-3ECE-4135-95B3-0F3B9818C3FF}.Debug|Any CPU.Build.0 = Debug|Any CPU
		{5A619832-3ECE-4135-95B3-0F3B9818C3FF}.Debug|x64.ActiveCfg = Debug|Any CPU
		{5A619832-3ECE-4135-95B3-0F3B9818C3FF}.Debug|x64.Build.0 = Debug|Any CPU
		{5A619832-3ECE-4135-95B3-0F3B9818C3FF}.Debug|x86.ActiveCfg = Debug|Any CPU
		{5A619832-3ECE-4135-95B3-0F3B9818C3FF}.Debug|x86.Build.0 = Debug|Any CPU
		{5A619832-3ECE-4135-95B3-0F3B9818C3FF}.Release|Any CPU.ActiveCfg = Release|Any CPU
		{5A619832-3ECE-4135-95B3-0F3B9818C3FF}.Release|Any CPU.Build.0 = Release|Any CPU
		{5A619832-3ECE-4135-95B3-0F3B9818C3FF}.Release|x64.ActiveCfg = Release|Any CPU
		{5A619832-3ECE-4135-95B3-0F3B9818C3FF}.Release|x64.Build.0 = Release|Any CPU
		{5A619832-3ECE-4135-95B3-0F3B9818C3FF}.Release|x86.ActiveCfg = Release|Any CPU
		{5A619832-3ECE-4135-95B3-0F3B9818C3FF}.Release|x86.Build.0 = Release|Any CPU
		{7739E08A-26AF-4A64-90F9-FBB9B4C1569A}.Debug|Any CPU.ActiveCfg = Debug|Any CPU
		{7739E08A-26AF-4A64-90F9-FBB9B4C1569A}.Debug|Any CPU.Build.0 = Debug|Any CPU
		{7739E08A-26AF-4A64-90F9-FBB9B4C1569A}.Debug|x64.ActiveCfg = Debug|Any CPU
		{7739E08A-26AF-4A64-90F9-FBB9B4C1569A}.Debug|x64.Build.0 = Debug|Any CPU
		{7739E08A-26AF-4A64-90F9-FBB9B4C1569A}.Debug|x86.ActiveCfg = Debug|Any CPU
		{7739E08A-26AF-4A64-90F9-FBB9B4C1569A}.Debug|x86.Build.0 = Debug|Any CPU
		{7739E08A-26AF-4A64-90F9-FBB9B4C1569A}.Release|Any CPU.ActiveCfg = Release|Any CPU
		{7739E08A-26AF-4A64-90F9-FBB9B4C1569A}.Release|Any CPU.Build.0 = Release|Any CPU
		{7739E08A-26AF-4A64-90F9-FBB9B4C1569A}.Release|x64.ActiveCfg = Release|Any CPU
		{7739E08A-26AF-4A64-90F9-FBB9B4C1569A}.Release|x64.Build.0 = Release|Any CPU
		{7739E08A-26AF-4A64-90F9-FBB9B4C1569A}.Release|x86.ActiveCfg = Release|Any CPU
		{7739E08A-26AF-4A64-90F9-FBB9B4C1569A}.Release|x86.Build.0 = Release|Any CPU
		{1D1DB4FD-C17C-4453-BFEB-BDBD1228CC0F}.Debug|Any CPU.ActiveCfg = Debug|Any CPU
		{1D1DB4FD-C17C-4453-BFEB-BDBD1228CC0F}.Debug|Any CPU.Build.0 = Debug|Any CPU
		{1D1DB4FD-C17C-4453-BFEB-BDBD1228CC0F}.Debug|x64.ActiveCfg = Debug|Any CPU
		{1D1DB4FD-C17C-4453-BFEB-BDBD1228CC0F}.Debug|x64.Build.0 = Debug|Any CPU
		{1D1DB4FD-C17C-4453-BFEB-BDBD1228CC0F}.Debug|x86.ActiveCfg = Debug|Any CPU
		{1D1DB4FD-C17C-4453-BFEB-BDBD1228CC0F}.Debug|x86.Build.0 = Debug|Any CPU
		{1D1DB4FD-C17C-4453-BFEB-BDBD1228CC0F}.Release|Any CPU.ActiveCfg = Release|Any CPU
		{1D1DB4FD-C17C-4453-BFEB-BDBD1228CC0F}.Release|Any CPU.Build.0 = Release|Any CPU
		{1D1DB4FD-C17C-4453-BFEB-BDBD1228CC0F}.Release|x64.ActiveCfg = Release|Any CPU
		{1D1DB4FD-C17C-4453-BFEB-BDBD1228CC0F}.Release|x64.Build.0 = Release|Any CPU
		{1D1DB4FD-C17C-4453-BFEB-BDBD1228CC0F}.Release|x86.ActiveCfg = Release|Any CPU
		{1D1DB4FD-C17C-4453-BFEB-BDBD1228CC0F}.Release|x86.Build.0 = Release|Any CPU
	EndGlobalSection
	GlobalSection(SolutionProperties) = preSolution
		HideSolutionNode = FALSE
	EndGlobalSection
	GlobalSection(ExtensibilityGlobals) = postSolution
		SolutionGuid = {F6B39E82-70DD-4C03-BE94-19D1CEA3F10E}
	EndGlobalSection
EndGlobal
